dependencies:
  idf:
    component_hash: null
    source:
      type: idf
    version: 5.1.2
  protocol_examples_common:
    component_hash: null
    source:
      path: C:\Espressif\frameworks\esp-idf-v5.1.2-2\examples\common_components\protocol_examples_common
      type: local
    version: '*'
manifest_hash: e15b254310545b0e3ec28f710cdaf41250e14d6254d19a69a77e4399569ad442
target: esp32
version: 1.0.0
